
Microsoft Visual Studio Solution File, Format Version 12.00
# Visual Studio Version 17
VisualStudioVersion = 17.14.36429.23 d17.14
MinimumVisualStudioVersion = 10.0.40219.1
Project("{FAE04EC0-301F-11D3-BF4B-00C04F79EFBC}") = "Binary-Search", "Binary-Search\Binary-Search.csproj", "{9B432CA0-8E17-444F-A774-7C7E168B3A8D}"
EndProject
Global
	GlobalSection(SolutionConfigurationPlatforms) = preSolution
		Debug|Any CPU = Debug|Any CPU
		Release|Any CPU = Release|Any CPU
	EndGlobalSection
	GlobalSection(ProjectConfigurationPlatforms) = postSolution
		{9B432CA0-8E17-444F-A774-7C7E168B3A8D}.Debug|Any CPU.ActiveCfg = Debug|Any CPU
		{9B432CA0-8E17-444F-A774-7C7E168B3A8D}.Debug|Any CPU.Build.0 = Debug|Any CPU
		{9B432CA0-8E17-444F-A774-7C7E168B3A8D}.Release|Any CPU.ActiveCfg = Release|Any CPU
		{9B432CA0-8E17-444F-A774-7C7E168B3A8D}.Release|Any CPU.Build.0 = Release|Any CPU
	EndGlobalSection
	GlobalSection(SolutionProperties) = preSolution
		HideSolutionNode = FALSE
	EndGlobalSection
	GlobalSection(ExtensibilityGlobals) = postSolution
		SolutionGuid = {CF8386A4-9C07-41C6-9395-A49DD4048475}
	EndGlobalSection
EndGlobal
