
Microsoft Visual Studio Solution File, Format Version 12.00
# Visual Studio Version 17
VisualStudioVersion = 17.14.36429.23 d17.14
MinimumVisualStudioVersion = 10.0.40219.1
Project("{FAE04EC0-301F-11D3-BF4B-00C04F79EFBC}") = "ValidAnagram", "ValidAnagram\ValidAnagram.csproj", "{30E17BB7-2CDC-4B27-AA17-DFA42E37EA7E}"
EndProject
Global
	GlobalSection(SolutionConfigurationPlatforms) = preSolution
		Debug|Any CPU = Debug|Any CPU
		Release|Any CPU = Release|Any CPU
	EndGlobalSection
	GlobalSection(ProjectConfigurationPlatforms) = postSolution
		{30E17BB7-2CDC-4B27-AA17-DFA42E37EA7E}.Debug|Any CPU.ActiveCfg = Debug|Any CPU
		{30E17BB7-2CDC-4B27-AA17-DFA42E37EA7E}.Debug|Any CPU.Build.0 = Debug|Any CPU
		{30E17BB7-2CDC-4B27-AA17-DFA42E37EA7E}.Release|Any CPU.ActiveCfg = Release|Any CPU
		{30E17BB7-2CDC-4B27-AA17-DFA42E37EA7E}.Release|Any CPU.Build.0 = Release|Any CPU
	EndGlobalSection
	GlobalSection(SolutionProperties) = preSolution
		HideSolutionNode = FALSE
	EndGlobalSection
	GlobalSection(ExtensibilityGlobals) = postSolution
		SolutionGuid = {EC50CF09-0D40-4377-AA31-EF00DADF75F3}
	EndGlobalSection
EndGlobal
