
Microsoft Visual Studio Solution File, Format Version 12.00
# Visual Studio Version 17
VisualStudioVersion = 17.14.36429.23 d17.14
MinimumVisualStudioVersion = 10.0.40219.1
Project("{FAE04EC0-301F-11D3-BF4B-00C04F79EFBC}") = "Contains-Duplicate", "Contains-Duplicate\Contains-Duplicate.csproj", "{2DD7E981-14C7-4EE5-914B-452B4B2590C1}"
EndProject
Global
	GlobalSection(SolutionConfigurationPlatforms) = preSolution
		Debug|Any CPU = Debug|Any CPU
		Release|Any CPU = Release|Any CPU
	EndGlobalSection
	GlobalSection(ProjectConfigurationPlatforms) = postSolution
		{2DD7E981-14C7-4EE5-914B-452B4B2590C1}.Debug|Any CPU.ActiveCfg = Debug|Any CPU
		{2DD7E981-14C7-4EE5-914B-452B4B2590C1}.Debug|Any CPU.Build.0 = Debug|Any CPU
		{2DD7E981-14C7-4EE5-914B-452B4B2590C1}.Release|Any CPU.ActiveCfg = Release|Any CPU
		{2DD7E981-14C7-4EE5-914B-452B4B2590C1}.Release|Any CPU.Build.0 = Release|Any CPU
	EndGlobalSection
	GlobalSection(SolutionProperties) = preSolution
		HideSolutionNode = FALSE
	EndGlobalSection
	GlobalSection(ExtensibilityGlobals) = postSolution
		SolutionGuid = {1B40413E-07B6-4530-B20B-4297CAD828DF}
	EndGlobalSection
EndGlobal
