
Microsoft Visual Studio Solution File, Format Version 12.00
# Visual Studio Version 17
VisualStudioVersion = 17.14.36429.23 d17.14
MinimumVisualStudioVersion = 10.0.40219.1
Project("{FAE04EC0-301F-11D3-BF4B-00C04F79EFBC}") = "Single-Number", "Single-Number\Single-Number.csproj", "{D20D10FE-4A25-4AD6-8BBA-64757A328DEE}"
EndProject
Global
	GlobalSection(SolutionConfigurationPlatforms) = preSolution
		Debug|Any CPU = Debug|Any CPU
		Release|Any CPU = Release|Any CPU
	EndGlobalSection
	GlobalSection(ProjectConfigurationPlatforms) = postSolution
		{D20D10FE-4A25-4AD6-8BBA-64757A328DEE}.Debug|Any CPU.ActiveCfg = Debug|Any CPU
		{D20D10FE-4A25-4AD6-8BBA-64757A328DEE}.Debug|Any CPU.Build.0 = Debug|Any CPU
		{D20D10FE-4A25-4AD6-8BBA-64757A328DEE}.Release|Any CPU.ActiveCfg = Release|Any CPU
		{D20D10FE-4A25-4AD6-8BBA-64757A328DEE}.Release|Any CPU.Build.0 = Release|Any CPU
	EndGlobalSection
	GlobalSection(SolutionProperties) = preSolution
		HideSolutionNode = FALSE
	EndGlobalSection
	GlobalSection(ExtensibilityGlobals) = postSolution
		SolutionGuid = {3997473E-B9C3-4816-8DEF-397C96951491}
	EndGlobalSection
EndGlobal
